
Microsoft Visual Studio Solution File, Format Version 12.00
# Visual Studio Version 17
VisualStudioVersion = 17.11.35312.102
MinimumVisualStudioVersion = 10.0.40219.1
Project("{FAE04EC0-301F-11D3-BF4B-00C04F79EFBC}") = "Hydac", "Hydac\Hydac.csproj", "{31C455A3-256E-4963-AF9A-BD182E6882DA}"
EndProject
Global
	GlobalSection(SolutionConfigurationPlatforms) = preSolution
		Debug|Any CPU = Debug|Any CPU
		Release|Any CPU = Release|Any CPU
	EndGlobalSection
	GlobalSection(ProjectConfigurationPlatforms) = postSolution
		{31C455A3-256E-4963-AF9A-BD182E6882DA}.Debug|Any CPU.ActiveCfg = Debug|Any CPU
		{31C455A3-256E-4963-AF9A-BD182E6882DA}.Debug|Any CPU.Build.0 = Debug|Any CPU
		{31C455A3-256E-4963-AF9A-BD182E6882DA}.Release|Any CPU.ActiveCfg = Release|Any CPU
		{31C455A3-256E-4963-AF9A-BD182E6882DA}.Release|Any CPU.Build.0 = Release|Any CPU
	EndGlobalSection
	GlobalSection(SolutionProperties) = preSolution
		HideSolutionNode = FALSE
	EndGlobalSection
	GlobalSection(ExtensibilityGlobals) = postSolution
		SolutionGuid = {910F810A-AB72-4F78-B1C8-AC1E6F187CC8}
	EndGlobalSection
EndGlobal
